version: 7
platforms:
- name: linux-aarch64
  virtual-packages:
  - __unix=0=0
  - __linux=4.18
  - __glibc=2.28
  - __archspec=0=aarch64
- name: osx-arm64
  virtual-packages:
  - __unix=0=0
  - __osx=13.0
  - __archspec=0=m1
environments:
  default:
    channels:
    - url: https://conda.anaconda.org/conda-forge/
    packages:
      linux-aarch64:
      - conda: https://conda.anaconda.org/conda-forge/linux-aarch64/_openmp_mutex-4.5-20_gnu.conda
      - conda: https://conda.anaconda.org/conda-forge/linux-aarch64/binutils_impl_linux-aarch64-2.46.1-default_h5f4c503_102.conda
      - conda: https://conda.anaconda.org/conda-forge/linux-aarch64/cargo-zigbuild-0.23.4-h328a733_0.conda
      - conda: https://conda.anaconda.org/conda-forge/linux-aarch64/gcc_impl_linux-aarch64-16.2.0-h5425ead_7.conda
      - conda: https://conda.anaconda.org/conda-forge/linux-aarch64/icu-78.3-py311h3512406_2.conda
      - conda: https://conda.anaconda.org/conda-forge/linux-aarch64/ld_impl_linux-aarch64-2.46.1-default_h1979696_102.conda
      - conda: https://conda.anaconda.org/conda-forge/linux-aarch64/libclang-cpp21.1-21.1.8-default_hd92c461_6.conda
      - conda: https://conda.anaconda.org/conda-forge/linux-aarch64/libgcc-16.2.0-h205dda4_7.conda
      - conda: https://conda.anaconda.org/conda-forge/linux-aarch64/libgomp-16.2.0-h8acb6b2_7.conda
      - conda: https://conda.anaconda.org/conda-forge/linux-aarch64/libiconv-1.18-h1ea5142_3.conda
      - conda: https://conda.anaconda.org/conda-forge/linux-aarch64/libllvm21-21.1.8-h680871c_1.conda
      - conda: https://conda.anaconda.org/conda-forge/linux-aarch64/liblzma-5.8.3-he30d5cf_1.conda
      - conda: https://conda.anaconda.org/conda-forge/linux-aarch64/libsanitizer-16.2.0-h73cac2c_7.conda
      - conda: https://conda.anaconda.org/conda-forge/linux-aarch64/libstdcxx-16.2.0-hef695bb_7.conda
      - conda: https://conda.anaconda.org/conda-forge/linux-aarch64/libxml2-16-2.15.4-h2e5089f_0.conda
      - conda: https://conda.anaconda.org/conda-forge/linux-aarch64/libxml2-2.15.4-h92b9305_0.conda
      - conda: https://conda.anaconda.org/conda-forge/linux-aarch64/libzlib-1.3.2-hdc9db2a_3.conda
      - conda: https://conda.anaconda.org/conda-forge/linux-aarch64/rust-1.98.1-h651fc87_2.conda
      - conda: https://conda.anaconda.org/conda-forge/linux-aarch64/zig-0.16.0-hc0d45c1_19.conda
      - conda: https://conda.anaconda.org/conda-forge/linux-aarch64/zig_impl_linux-aarch64-0.16.0-h5b4d195_19.conda
      - conda: https://conda.anaconda.org/conda-forge/linux-aarch64/zig_linux-aarch64-0.16.0-h833b2a9_19.conda
      - conda: https://conda.anaconda.org/conda-forge/linux-aarch64/zstd-1.5.7-h9d15635_7.conda
      - conda: https://conda.anaconda.org/conda-forge/noarch/kernel-headers_linux-aarch64-4.18.0-h05a177a_9.conda
      - conda: https://conda.anaconda.org/conda-forge/noarch/libgcc-devel_linux-aarch64-16.2.0-hc0c2482_107.conda
      - conda: https://conda.anaconda.org/conda-forge/noarch/libstdcxx-devel_linux-aarch64-16.2.0-h082e5f6_107.conda
      - conda: https://conda.anaconda.org/conda-forge/noarch/rust-std-aarch64-unknown-linux-gnu-1.98.1-hbe8e118_2.conda
      - conda: https://conda.anaconda.org/conda-forge/noarch/sysroot_linux-aarch64-2.28-h585391f_9.conda
      - conda: https://conda.anaconda.org/conda-forge/noarch/tzdata-2026c-h151e31d_0.conda
      osx-arm64:
      - conda: https://conda.anaconda.org/conda-forge/noarch/rust-std-aarch64-apple-darwin-1.98.1-hf6ec828_2.conda
      - conda: https://conda.anaconda.org/conda-forge/noarch/rust-std-aarch64-unknown-linux-gnu-1.98.1-hbe8e118_2.conda
      - conda: https://conda.anaconda.org/conda-forge/osx-arm64/cargo-zigbuild-0.23.4-hc2d82ec_0.conda
      - conda: https://conda.anaconda.org/conda-forge/osx-arm64/icu-78.3-py310h579977c_2.conda
      - conda: https://conda.anaconda.org/conda-forge/osx-arm64/libclang-cpp21.1-21.1.8-default_h4399b93_6.conda
      - conda: https://conda.anaconda.org/conda-forge/osx-arm64/libcxx-21.1.8-h55c6f16_3.conda
      - conda: https://conda.anaconda.org/conda-forge/osx-arm64/libiconv-1.18-he4c29f2_3.conda
      - conda: https://conda.anaconda.org/conda-forge/osx-arm64/libllvm21-21.1.8-h759d1ac_1.conda
      - conda: https://conda.anaconda.org/conda-forge/osx-arm64/liblzma-5.8.3-h8088a28_1.conda
      - conda: https://conda.anaconda.org/conda-forge/osx-arm64/libxml2-16-2.15.4-heb56d2d_0.conda
      - conda: https://conda.anaconda.org/conda-forge/osx-arm64/libxml2-2.15.4-h550178d_0.conda
      - conda: https://conda.anaconda.org/conda-forge/osx-arm64/libzlib-1.3.2-h8088a28_3.conda
      - conda: https://conda.anaconda.org/conda-forge/osx-arm64/rust-1.98.1-h4ff7c5d_2.conda
      - conda: https://conda.anaconda.org/conda-forge/osx-arm64/zig-0.16.0-hece1865_19.conda
      - conda: https://conda.anaconda.org/conda-forge/osx-arm64/zig_impl_osx-arm64-0.16.0-h0cab596_19.conda
      - conda: https://conda.anaconda.org/conda-forge/osx-arm64/zig_osx-arm64-0.16.0-h53ab618_19.conda
      - conda: https://conda.anaconda.org/conda-forge/osx-arm64/zstd-1.5.7-hf451053_7.conda
packages:
- conda: https://conda.anaconda.org/conda-forge/linux-aarch64/_openmp_mutex-4.5-20_gnu.conda
  build_number: 20
  sha256: a2527b1d81792a0ccd2c05850960df119c2b6d8f5fdec97f2db7d25dc23b1068
  md5: 468fd3bb9e1f671d36c2cbc677e56f1d
  depends:
  - libgomp >=7.5.0
  constrains:
  - openmp_impl <0.0a0
  license: BSD-3-Clause
  license_family: BSD
  run_exports:
    strong:
    - _openmp_mutex >=4.5
  size: 28926
  timestamp: 1770939656741
- conda: https://conda.anaconda.org/conda-forge/linux-aarch64/binutils_impl_linux-aarch64-2.46.1-default_h5f4c503_102.conda
  sha256: eebe159bf600943552e4319ff4ce27b6a2dadf0dcc5443e76dcee9259a408e11
  md5: 58f37d76b8234c69dbf2939d511bea0b
  depends:
  - ld_impl_linux-aarch64 2.46.1 default_h1979696_102
  - sysroot_linux-aarch64
  - zstd >=1.5.7,<1.6.0a0
  license: GPL-3.0-only
  license_family: GPL
  run_exports: {}
  size: 4677171
  timestamp: 1784214549910
- conda: https://conda.anaconda.org/conda-forge/linux-aarch64/cargo-zigbuild-0.23.4-h328a733_0.conda
  sha256: bc0ed6bb4a4116d757d826af2bd93d5ec70aeb22c3e5d58846ad86d382c30a00
  md5: 1dbf46c2e10c7e6b30ec2f657823fc0e
  depends:
  - zig >=0.9.0
  - libgcc >=15
  constrains:
  - __glibc >=2.17
  license: MIT
  license_family: MIT
  run_exports: {}
  size: 1181951
  timestamp: 1788366828226
- conda: https://conda.anaconda.org/conda-forge/linux-aarch64/gcc_impl_linux-aarch64-16.2.0-h5425ead_7.conda
  sha256: eaf481958a862ed63c66baa572753f3c3e2cd6e690fd5abd1cc3088fdde4a323
  md5: a776ce379abbde6656380f78f4767c9c
  depends:
  - binutils_impl_linux-aarch64 >=2.46.1
  - libgcc >=16.2.0
  - libgcc-devel_linux-aarch64 16.2.0 hc0c2482_107
  - libgomp >=16.2.0
  - libsanitizer 16.2.0 h73cac2c_7
  - libstdcxx >=16.2.0
  - libstdcxx-devel_linux-aarch64 16.2.0 h082e5f6_107
  - sysroot_linux-aarch64
  license: GPL-3.0-only WITH GCC-exception-3.1
  license_family: GPL
  run_exports: {}
  size: 76870083
  timestamp: 1790302426116
- conda: https://conda.anaconda.org/conda-forge/linux-aarch64/icu-78.3-py311h3512406_2.conda
  sha256: 54d921defd947adb58a90e10203d3bfe6c1f209f5f1a1ad2c6a9f7617f2fb59e
  md5: b35bbb1b957440ed742f35fb96eb7f1c
  depends:
  - libgcc >=14
  - libstdcxx >=14
  license: MIT
  license_family: MIT
  run_exports:
    weak:
    - icu >=78.3,<79.0a0
  size: 14688525
  timestamp: 1786545779464
- conda: https://conda.anaconda.org/conda-forge/linux-aarch64/ld_impl_linux-aarch64-2.46.1-default_h1979696_102.conda
  sha256: 2c4901f4227b0850328ed0c69f958b30ad2cd18982f7a31c7c1f911827004d08
  md5: 489444d0acb2a579d2a002d85a08c059
  depends:
  - zstd >=1.5.7,<1.6.0a0
  constrains:
  - binutils_impl_linux-aarch64 2.46.1
  license: GPL-3.0-only
  license_family: GPL
  run_exports: {}
  size: 905305
  timestamp: 1784214534868
- conda: https://conda.anaconda.org/conda-forge/linux-aarch64/libclang-cpp21.1-21.1.8-default_hd92c461_6.conda
  sha256: 5fd1586fee7376c8bb2d92e3206e9b3b560488697a825bb7dd0f817f04405a64
  md5: be236431b6c828a5c52c666bc012808c
  depends:
  - libgcc >=15
  - libllvm21 >=21.1.8,<21.2.0a0
  - libstdcxx >=15
  license: Apache-2.0 WITH LLVM-exception
  license_family: Apache
  run_exports:
    weak:
    - libclang-cpp21.1 >=21.1.8,<21.2.0a0
  size: 21324042
  timestamp: 1787462342283
- conda: https://conda.anaconda.org/conda-forge/linux-aarch64/libgcc-16.2.0-h205dda4_7.conda
  sha256: eae7a3449d5a3b5351c5427137c076cc3fc826645c7bfc42dc10772b783826f1
  md5: 489d5c9dc62265b3f6a57f9a106f1caf
  depends:
  - _openmp_mutex >=4.5
  constrains:
  - libgcc-ng ==16.2.0=*_7
  - libgomp 16.2.0 h8acb6b2_7
  license: GPL-3.0-only WITH GCC-exception-3.1
  license_family: GPL
  run_exports: {}
  size: 627793
  timestamp: 1790302345214
- conda: https://conda.anaconda.org/conda-forge/linux-aarch64/libgomp-16.2.0-h8acb6b2_7.conda
  sha256: 4406fd67c5beeb99b9372f9bf07aa3e40ca141e337eceebac3ff64aa72799494
  md5: 259ded79ac497cfbcf5434540e8b81b6
  license: GPL-3.0-only WITH GCC-exception-3.1
  license_family: GPL
  run_exports:
    strong:
    - _openmp_mutex >=4.5
  size: 617342
  timestamp: 1790302273072
- conda: https://conda.anaconda.org/conda-forge/linux-aarch64/libiconv-1.18-h1ea5142_3.conda
  sha256: d22c666eb887afd2119aac2110e23a0e817e9391bda99293421f7c46dab1564c
  md5: 951b54a36388613a99820b33b997f690
  depends:
  - libgcc >=15
  license: LGPL-2.1-only
  run_exports:
    weak:
    - libiconv >=1.18,<2.0a0
  size: 785924
  timestamp: 1787033793216
- conda: https://conda.anaconda.org/conda-forge/linux-aarch64/libllvm21-21.1.8-h680871c_1.conda
  sha256: f1269095a94d89c7e1fae6c16f6a4253f5ca655d28d5f713f94e297bc91d524a
  md5: 46b9624cf2c00daf504f3697f7c2e1e8
  depends:
  - libgcc >=15
  - libstdcxx >=15
  - libxml2
  - libxml2-16 >=2.15.3
  - libzlib >=1.3.2,<2.0a0
  - zstd >=1.5.7,<1.6.0a0
  license: Apache-2.0 WITH LLVM-exception
  license_family: Apache
  run_exports:
    weak:
    - libllvm21 >=21.1.8,<21.2.0a0
  size: 45304478
  timestamp: 1787366971334
- conda: https://conda.anaconda.org/conda-forge/linux-aarch64/liblzma-5.8.3-he30d5cf_1.conda
  sha256: f760669fd1cea27f689f411c0d5488e26ce50e382c9b63e4ad348f959850124a
  md5: e0e6411a60d00186eec7c73f4118ab67
  depends:
  - libgcc >=14
  constrains:
  - xz 5.8.3.*
  license: 0BSD
  run_exports:
    weak:
    - liblzma >=5.8.3,<6.0a0
  size: 125578
  timestamp: 1786348561649
- conda: https://conda.anaconda.org/conda-forge/linux-aarch64/libsanitizer-16.2.0-h73cac2c_7.conda
  sha256: 915f80d14bd9daf2357a5261443fd06e222f829aeef56fb6865ec7fcb1de9bdf
  md5: 868966b3c0d699ad39ed460cd18fba9f
  depends:
  - libgcc >=16.2.0
  - libstdcxx >=16.2.0
  license: GPL-3.0-only WITH GCC-exception-3.1
  license_family: GPL
  run_exports:
    weak:
    - libsanitizer 16.2.0
  size: 7956048
  timestamp: 1790302381894
- conda: https://conda.anaconda.org/conda-forge/linux-aarch64/libstdcxx-16.2.0-hef695bb_7.conda
  sha256: b241a3acfa9cdb1359112864a1241225533c92642de3000d52ae65ef5d3a9786
  md5: 6c823668e78160957d1b061ceec15c2c
  depends:
  - libgcc 16.2.0 h205dda4_7
  constrains:
  - libstdcxx-ng ==16.2.0=*_7
  license: GPL-3.0-only WITH GCC-exception-3.1
  license_family: GPL
  run_exports: {}
  size: 6236630
  timestamp: 1790302364054
- conda: https://conda.anaconda.org/conda-forge/linux-aarch64/libxml2-16-2.15.4-h2e5089f_0.conda
  sha256: 58bf7fcf64bae7f624a5e2aed860ddea614a8ec13c8c43fe150420a275b8bdb5
  md5: 01dc16e9c00110df9c4197f8ffbab206
  depends:
  - icu >=78.3,<79.0a0
  - libgcc >=15
  - libiconv >=1.18,<2.0a0
  - liblzma >=5.8.3,<6.0a0
  - libzlib >=1.3.2,<2.0a0
  constrains:
  - libxml2 2.15.4
  license: MIT
  license_family: MIT
  run_exports: {}
  size: 631072
  timestamp: 1788635155018
- conda: https://conda.anaconda.org/conda-forge/linux-aarch64/libxml2-2.15.4-h92b9305_0.conda
  sha256: 3345c88fa9ebb373bcf4069ede898950005fa2d1707e56a13a1ac6339919492f
  md5: 066a1f1d5dc4e9d5c5a52670f8e0fef1
  depends:
  - icu >=78.3,<79.0a0
  - libgcc >=15
  - libiconv >=1.18,<2.0a0
  - liblzma >=5.8.3,<6.0a0
  - libxml2-16 2.15.4 h2e5089f_0
  - libzlib >=1.3.2,<2.0a0
  license: MIT
  license_family: MIT
  run_exports:
    weak:
    - libxml2
    - libxml2-16 >=2.15.4
  size: 48693
  timestamp: 1788635159263
- conda: https://conda.anaconda.org/conda-forge/linux-aarch64/libzlib-1.3.2-hdc9db2a_3.conda
  sha256: 76efa6cc9d7e6f5ee3bbca0939f64054af2bdfb3c3632531f8e633cf6c2ea41e
  md5: bd534c2fbe56d8c2ea3b2d8f5e12bca8
  constrains:
  - zlib 1.3.2 *_3
  license: Zlib
  license_family: Other
  run_exports:
    weak:
    - libzlib >=1.3.2,<2.0a0
  size: 70108
  timestamp: 1785276540870
- conda: https://conda.anaconda.org/conda-forge/linux-aarch64/rust-1.98.1-h651fc87_2.conda
  sha256: 71995a2dc038427be35d7ba9ddb4c2666d4b097b195f9b07d85216df57eaafce
  md5: 877ec678db68d34dc8dc53597d047111
  depends:
  - gcc_impl_linux-aarch64
  - libgcc >=15
  - libzlib >=1.3.2,<2.0a0
  - rust-std-aarch64-unknown-linux-gnu 1.98.1 hbe8e118_2
  - sysroot_linux-aarch64 >=2.17
  license: MIT
  license_family: MIT
  run_exports:
    strong_constrains:
    - __glibc >=2.17
  size: 138145608
  timestamp: 1788887060853
- conda: https://conda.anaconda.org/conda-forge/linux-aarch64/zig-0.16.0-hc0d45c1_19.conda
  sha256: 7bedd72a1b9d1be6eff588244b230f467c29f83420f7a40fcb7ec35c04ba0b02
  md5: 417c2cf4cca11497d4ffbf2d54f62376
  depends:
  - zig_linux-aarch64 ==0.16.0 h833b2a9_19
  license: MIT AND Apache-2.0 WITH LLVM-exception AND Apache-2.0 AND LGPL-2.1-or-later AND BSD-2-Clause AND BSD-3-Clause AND ZPL-2.1 AND LicenseRef-Public-Domain
  run_exports:
    weak:
    - zig >=0.16.0,<0.16.1.0a0
  size: 202485
  timestamp: 1790272255950
- conda: https://conda.anaconda.org/conda-forge/linux-aarch64/zig_impl_linux-aarch64-0.16.0-h5b4d195_19.conda
  sha256: ecefced5a5b616f85954c5387885ef36d9570af6f45cb7fd0ef199ff95d39bf9
  md5: 55a015889c71e55a6d838d079c554d2a
  depends:
  - libgcc >=15
  - libstdcxx >=15
  - libllvm21 >=21.1.8,<21.2.0a0
  - libxml2
  - libclang-cpp21.1 >=21.1.8,<21.2.0a0
  - libzlib >=1.3.2,<2.0a0
  - zstd >=1.5.7,<1.6.0a0
  license: MIT AND Apache-2.0 WITH LLVM-exception AND Apache-2.0 AND LGPL-2.1-or-later AND BSD-2-Clause AND BSD-3-Clause AND ZPL-2.1 AND LicenseRef-Public-Domain
  run_exports: {}
  size: 66239499
  timestamp: 1790272255950
- conda: https://conda.anaconda.org/conda-forge/linux-aarch64/zig_linux-aarch64-0.16.0-h833b2a9_19.conda
  sha256: a2159a4b41947bce4ec3a3c0c6d7b579f8eb8bcdcf3f6b2e9e51820005467557
  md5: 686991becd02398cbbdfc0bf2fe3225c
  depends:
  - zig_impl_linux-aarch64 ==0.16.0 h5b4d195_19
  license: MIT AND Apache-2.0 WITH LLVM-exception AND Apache-2.0 AND LGPL-2.1-or-later AND BSD-2-Clause AND BSD-3-Clause AND ZPL-2.1 AND LicenseRef-Public-Domain
  run_exports: {}
  size: 309143
  timestamp: 1790272255950
- conda: https://conda.anaconda.org/conda-forge/linux-aarch64/zstd-1.5.7-h9d15635_7.conda
  sha256: 427fd14bcb3b8659796fecc682716617409350fb5a98e5b7b47558a10d1a2fc7
  md5: d942e34ac3920ba83f8b2d0169570187
  depends:
  - libzlib >=1.3.2,<2.0a0
  license: BSD-3-Clause
  license_family: BSD
  run_exports:
    weak:
    - zstd >=1.5.7,<1.6.0a0
  size: 615477
  timestamp: 1786599613561
- conda: https://conda.anaconda.org/conda-forge/noarch/kernel-headers_linux-aarch64-4.18.0-h05a177a_9.conda
  sha256: 5d224bf4df9bac24e69de41897c53756108c5271a0e5d2d2f66fd4e2fbc1d84b
  md5: bb3b7cad9005f2cbf9d169fb30263f3e
  constrains:
  - sysroot_linux-aarch64 ==2.28
  license: LGPL-2.0-or-later AND LGPL-2.0-or-later WITH exceptions AND GPL-2.0-or-later
  license_family: GPL
  run_exports: {}
  size: 1248134
  timestamp: 1765578613607
- conda: https://conda.anaconda.org/conda-forge/noarch/libgcc-devel_linux-aarch64-16.2.0-hc0c2482_107.conda
  sha256: 3a0fc46d9ffe0bc98e825bfcc0409564435e74ae0ac094b484a89a296ed777ee
  md5: aae62596f02c43827f184be6556c729f
  depends:
  - __unix
  license: GPL-3.0-only WITH GCC-exception-3.1
  license_family: GPL
  run_exports: {}
  size: 2356775
  timestamp: 1790302264590
- conda: https://conda.anaconda.org/conda-forge/noarch/libstdcxx-devel_linux-aarch64-16.2.0-h082e5f6_107.conda
  sha256: c46e0efb196a24e9192f160c124f8a1d927c7d191595a1dc993f30dc93a52497
  md5: e59742a8c562c9ba736d0c3e5e1cd810
  depends:
  - __unix
  license: GPL-3.0-only WITH GCC-exception-3.1
  license_family: GPL
  run_exports: {}
  size: 19818970
  timestamp: 1790302282858
- conda: https://conda.anaconda.org/conda-forge/noarch/rust-std-aarch64-apple-darwin-1.98.1-hf6ec828_2.conda
  sha256: c88fbaa6dd94dab30d2e7814d369d05f653e5232f04473d65fa2bcdc31207ec4
  md5: 77402d6883efe412b63aa5089c11ae91
  depends:
  - __unix
  constrains:
  - rust >=1.98.1,<1.98.2.0a0
  license: MIT
  license_family: MIT
  run_exports: {}
  size: 35527854
  timestamp: 1788886991045
- conda: https://conda.anaconda.org/conda-forge/noarch/rust-std-aarch64-unknown-linux-gnu-1.98.1-hbe8e118_2.conda
  sha256: 5628a4240369983a6af191c2229d1e1c05f9d6b23871c32459bbcfe00f3144d0
  md5: 15eb6e2a13fcd525275fa482a6522e45
  depends:
  - __unix
  constrains:
  - rust >=1.98.1,<1.98.2.0a0
  license: MIT
  license_family: MIT
  run_exports: {}
  size: 37058004
  timestamp: 1788886995203
- conda: https://conda.anaconda.org/conda-forge/noarch/sysroot_linux-aarch64-2.28-h585391f_9.conda
  sha256: 1bd2db6b2e451247bab103e4a0128cf6c7595dd72cb26d70f7fadd9edd1d1bc3
  md5: fdf07ab944a222ff28c754914fdb0740
  depends:
  - __glibc >=2.28
  - kernel-headers_linux-aarch64 4.18.0 h05a177a_9
  - tzdata
  license: LGPL-2.0-or-later AND LGPL-2.0-or-later WITH exceptions AND GPL-2.0-or-later
  license_family: GPL
  run_exports:
    strong:
    - __glibc >=2.28,<3.0.a0
  size: 23644746
  timestamp: 1765578629426
- conda: https://conda.anaconda.org/conda-forge/noarch/tzdata-2026c-h151e31d_0.conda
  sha256: b928c30ddcb0e3f544c6eade8352737e6e610e263276b90232db6a578ef899d8
  md5: fcb489df604d100968b737f2cb6076c6
  license: LicenseRef-Public-Domain
  run_exports: {}
  size: 118849
  timestamp: 1784250406640
- conda: https://conda.anaconda.org/conda-forge/osx-arm64/cargo-zigbuild-0.23.4-hc2d82ec_0.conda
  sha256: 1d36c81cc2f03049c5feff6fae96b5fedb5cf10f5b62aeca3d79ed1446847e4f
  md5: 5d2ac6138ff14813efe4d0061e997d71
  depends:
  - zig >=0.9.0
  - __osx >=11.0
  constrains:
  - __osx >=11.0
  license: MIT
  license_family: MIT
  run_exports: {}
  size: 1141126
  timestamp: 1788366870448
- conda: https://conda.anaconda.org/conda-forge/osx-arm64/icu-78.3-py310h579977c_2.conda
  sha256: 6cdb5dee54c72e56ab189fb3ad33cb28533553d42590e7e831160248f4416a43
  md5: a5efc0b42bb8b42e97d0a29ae3e3c187
  depends:
  - __osx >=11.0
  license: MIT
  license_family: MIT
  run_exports:
    weak:
    - icu >=78.3,<79.0a0
  size: 14070242
  timestamp: 1786545847761
- conda: https://conda.anaconda.org/conda-forge/osx-arm64/libclang-cpp21.1-21.1.8-default_h4399b93_6.conda
  sha256: 024ea5de27ed275003d2968579aae265059eb2dc8a27d741243d7037d1983f26
  md5: 76123dc601c7fa451a3cd0cffd3dc122
  depends:
  - __osx >=11.0
  - libcxx >=21.1.8
  - libllvm21 >=21.1.8,<21.2.0a0
  license: Apache-2.0 WITH LLVM-exception
  license_family: Apache
  run_exports:
    weak:
    - libclang-cpp21.1 >=21.1.8,<21.2.0a0
  size: 13700434
  timestamp: 1787460755337
- conda: https://conda.anaconda.org/conda-forge/osx-arm64/libcxx-21.1.8-h55c6f16_3.conda
  sha256: 676cbe1a62669965640cddca1319acb8cbe4737bc37089068ce18ce4825ab0d8
  md5: 2a4106524e64762c7d7f723cf083e445
  depends:
  - __osx >=11.0
  license: Apache-2.0 WITH LLVM-exception
  license_family: Apache
  run_exports: {}
  size: 570017
  timestamp: 1771995637294
- conda: https://conda.anaconda.org/conda-forge/osx-arm64/libiconv-1.18-he4c29f2_3.conda
  sha256: 689a14968267f2f97c07112fca5636e7d756036b9aee969911267c20bd3eea1f
  md5: 17f4744c0873e9f77ac9b5cd0a27c187
  depends:
  - __osx >=11.0
  license: LGPL-2.1-only
  run_exports:
    weak:
    - libiconv >=1.18,<2.0a0
  size: 750816
  timestamp: 1787033961086
- conda: https://conda.anaconda.org/conda-forge/osx-arm64/libllvm21-21.1.8-h759d1ac_1.conda
  sha256: 8db5628b9431043d5e07dcdff6f4e2e50b654b9b15f1fb5370523ec5482e0b97
  md5: ecef0bb48f6401ce6e99bedaa24c78be
  depends:
  - __osx >=11.0
  - libcxx >=21
  - libxml2
  - libxml2-16 >=2.15.3
  - libzlib >=1.3.2,<2.0a0
  - zstd >=1.5.7,<1.6.0a0
  license: Apache-2.0 WITH LLVM-exception
  license_family: Apache
  run_exports:
    weak:
    - libllvm21 >=21.1.8,<21.2.0a0
  size: 29629677
  timestamp: 1787364227487
- conda: https://conda.anaconda.org/conda-forge/osx-arm64/liblzma-5.8.3-h8088a28_1.conda
  sha256: 23d0630046a3e8b164d8f80f2b74ed2605af2e7050ab9913018056402fae4311
  md5: 8ab10323068b107661a4b9a4af84f3b5
  depends:
  - __osx >=11.0
  constrains:
  - xz 5.8.3.*
  license: 0BSD
  run_exports:
    weak:
    - liblzma >=5.8.3,<6.0a0
  size: 91720
  timestamp: 1786348695846
- conda: https://conda.anaconda.org/conda-forge/osx-arm64/libxml2-16-2.15.4-heb56d2d_0.conda
  sha256: 8a26f7c94ab849c1930da36c298f4b82e892382b70ae865cd7274188d9d783e2
  md5: b40633f711a5eb8617917e0e944b9965
  depends:
  - __osx >=11.0
  - icu >=78.3,<79.0a0
  - libiconv >=1.18,<2.0a0
  - liblzma >=5.8.3,<6.0a0
  - libzlib >=1.3.2,<2.0a0
  constrains:
  - libxml2 2.15.4
  license: MIT
  license_family: MIT
  run_exports: {}
  size: 469299
  timestamp: 1788635201153
- conda: https://conda.anaconda.org/conda-forge/osx-arm64/libxml2-2.15.4-h550178d_0.conda
  sha256: 81217fcd4d4abdc69ee63cdb9cdb22e05a20b9ba7a76f596579914a838fe5960
  md5: 4b97a34d06740b578c32deba195daf5a
  depends:
  - __osx >=11.0
  - icu >=78.3,<79.0a0
  - libiconv >=1.18,<2.0a0
  - liblzma >=5.8.3,<6.0a0
  - libxml2-16 2.15.4 heb56d2d_0
  - libzlib >=1.3.2,<2.0a0
  license: MIT
  license_family: MIT
  run_exports:
    weak:
    - libxml2
    - libxml2-16 >=2.15.4
  size: 41375
  timestamp: 1788635206084
- conda: https://conda.anaconda.org/conda-forge/osx-arm64/libzlib-1.3.2-h8088a28_3.conda
  sha256: a18fa5d5bac452401459f966cf0d872224e8080c4ff93c77e168d43ab42ef9d7
  md5: f39288f0ea63ae962e1a2e4f355a0d75
  depends:
  - __osx >=11.0
  constrains:
  - zlib 1.3.2 *_3
  license: Zlib
  license_family: Other
  run_exports:
    weak:
    - libzlib >=1.3.2,<2.0a0
  size: 47822
  timestamp: 1785277049190
- conda: https://conda.anaconda.org/conda-forge/osx-arm64/rust-1.98.1-h4ff7c5d_2.conda
  sha256: ceac23ee119e64ff51f64b743eebabe1ca99c8795e924abaebfba2ccac478d02
  md5: 0ba7e1825eb22abab436c6353f6932c2
  depends:
  - rust-std-aarch64-apple-darwin 1.98.1 hf6ec828_2
  license: MIT
  license_family: MIT
  run_exports: {}
  size: 105729132
  timestamp: 1788887063099
- conda: https://conda.anaconda.org/conda-forge/osx-arm64/zig-0.16.0-hece1865_19.conda
  sha256: 791424a15cc204448d066548f00e2237d5acdbfe35ce4f9a7437ea603be34fc3
  md5: cab6dce15f8a8d262b549433e4045d35
  depends:
  - zig_osx-arm64 ==0.16.0 h53ab618_19
  license: MIT AND Apache-2.0 WITH LLVM-exception AND Apache-2.0 AND LGPL-2.1-or-later AND BSD-2-Clause AND BSD-3-Clause AND ZPL-2.1 AND LicenseRef-Public-Domain
  run_exports:
    weak:
    - zig >=0.16.0,<0.16.1.0a0
  size: 201419
  timestamp: 1790272230191
- conda: https://conda.anaconda.org/conda-forge/osx-arm64/zig_impl_osx-arm64-0.16.0-h0cab596_19.conda
  sha256: cd50273c71730b3fb30b2f87c33b5c17a822166a88bea00fa762794406879f24
  md5: bead94d2392ba07251a8c4a0c25ea6cb
  depends:
  - libcxx 21.*
  - __osx >=11.0
  - libcxx >=21
  - libllvm21 >=21.1.8,<21.2.0a0
  - libclang-cpp21.1 >=21.1.8,<21.2.0a0
  - libzlib >=1.3.2,<2.0a0
  - libxml2
  - libxml2-16 >=2.15.4
  - zstd >=1.5.7,<1.6.0a0
  license: MIT AND Apache-2.0 WITH LLVM-exception AND Apache-2.0 AND LGPL-2.1-or-later AND BSD-2-Clause AND BSD-3-Clause AND ZPL-2.1 AND LicenseRef-Public-Domain
  run_exports: {}
  size: 65678377
  timestamp: 1790272230191
- conda: https://conda.anaconda.org/conda-forge/osx-arm64/zig_osx-arm64-0.16.0-h53ab618_19.conda
  sha256: b6a8e02fea005eabd8514d87fd34d0a4c68767c051b3570e0ff2561f4182be9b
  md5: 7c380702f8c820943fcdbb5d2b829b90
  depends:
  - zig_impl_osx-arm64 ==0.16.0 h0cab596_19
  - __osx >=11.0
  license: MIT AND Apache-2.0 WITH LLVM-exception AND Apache-2.0 AND LGPL-2.1-or-later AND BSD-2-Clause AND BSD-3-Clause AND ZPL-2.1 AND LicenseRef-Public-Domain
  run_exports: {}
  size: 288431
  timestamp: 1790272230191
- conda: https://conda.anaconda.org/conda-forge/osx-arm64/zstd-1.5.7-hf451053_7.conda
  sha256: da867f5092eb0cb746d353694f0098031fd9817a4ce7d5743121209ae0f406ca
  md5: 4ec2684c73812cc2c3d78379384a39cc
  depends:
  - __osx >=11.0
  - libzlib >=1.3.2,<2.0a0
  license: BSD-3-Clause
  license_family: BSD
  run_exports:
    weak:
    - zstd >=1.5.7,<1.6.0a0
  size: 433687
  timestamp: 1786599629846
